
Microsoft Visual Studio Solution File, Format Version 12.00
# Visual Studio Version 17
VisualStudioVersion = 17.0.31903.59
MinimumVisualStudioVersion = 10.0.40219.1
Project("{2150E333-8FDC-42A3-9474-1A3956D46DE8}") = "src", "src", "{827E0CD3-B72D-47B6-A68D-7590B98EB39B}"
EndProject
Project("{FAE04EC0-301F-11D3-BF4B-00C04F79EFBC}") = "Aegis.Api", "src\Aegis.Api\Aegis.Api.csproj", "{843C1484-B282-469C-A0B8-149F1CEBCE93}"
EndProject
Project("{FAE04EC0-301F-11D3-BF4B-00C04F79EFBC}") = "Aegis.Domain", "src\Aegis.Domain\Aegis.Domain.csproj", "{7E230BAF-122D-4569-83E7-6823B382298F}"
EndProject
Project("{FAE04EC0-301F-11D3-BF4B-00C04F79EFBC}") = "Aegis.Infrastructure", "src\Aegis.Infrastructure\Aegis.Infrastructure.csproj", "{3344C4F3-0751-4F2F-A044-AFDB95CF6A3A}"
EndProject
Project("{2150E333-8FDC-42A3-9474-1A3956D46DE8}") = "tests", "tests", "{0AB3BF05-4346-4AA6-1389-037BE0695223}"
EndProject
Project("{FAE04EC0-301F-11D3-BF4B-00C04F79EFBC}") = "Aegis.UnitTests", "tests\Aegis.UnitTests\Aegis.UnitTests.csproj", "{0E234969-9CEE-4F35-9A96-C955B6F3DE25}"
EndProject
Project("{FAE04EC0-301F-11D3-BF4B-00C04F79EFBC}") = "Aegis.IntegrationTests", "tests\Aegis.IntegrationTests\Aegis.IntegrationTests.csproj", "{E150C1EA-0E09-49EF-BD69-8709D35991E0}"
EndProject
Project("{FAE04EC0-301F-11D3-BF4B-00C04F79EFBC}") = "Aegis.ArchitectureTests", "tests\Aegis.ArchitectureTests\Aegis.ArchitectureTests.csproj", "{77B8A74C-6912-4F06-9B8B-31F4ECA84F24}"
EndProject
Global
	GlobalSection(SolutionConfigurationPlatforms) = preSolution
		Debug|Any CPU = Debug|Any CPU
		Debug|x64 = Debug|x64
		Debug|x86 = Debug|x86
		Release|Any CPU = Release|Any CPU
		Release|x64 = Release|x64
		Release|x86 = Release|x86
	EndGlobalSection
	GlobalSection(ProjectConfigurationPlatforms) = postSolution
		{843C1484-B282-469C-A0B8-149F1CEBCE93}.Debug|Any CPU.ActiveCfg = Debug|Any CPU
		{843C1484-B282-469C-A0B8-149F1CEBCE93}.Debug|Any CPU.Build.0 = Debug|Any CPU
		{843C1484-B282-469C-A0B8-149F1CEBCE93}.Debug|x64.ActiveCfg = Debug|Any CPU
		{843C1484-B282-469C-A0B8-149F1CEBCE93}.Debug|x64.Build.0 = Debug|Any CPU
		{843C1484-B282-469C-A0B8-149F1CEBCE93}.Debug|x86.ActiveCfg = Debug|Any CPU
		{843C1484-B282-469C-A0B8-149F1CEBCE93}.Debug|x86.Build.0 = Debug|Any CPU
		{843C1484-B282-469C-A0B8-149F1CEBCE93}.Release|Any CPU.ActiveCfg = Release|Any CPU
		{843C1484-B282-469C-A0B8-149F1CEBCE93}.Release|Any CPU.Build.0 = Release|Any CPU
		{843C1484-B282-469C-A0B8-149F1CEBCE93}.Release|x64.ActiveCfg = Release|Any CPU
		{843C1484-B282-469C-A0B8-149F1CEBCE93}.Release|x64.Build.0 = Release|Any CPU
		{843C1484-B282-469C-A0B8-149F1CEBCE93}.Release|x86.ActiveCfg = Release|Any CPU
		{843C1484-B282-469C-A0B8-149F1CEBCE93}.Release|x86.Build.0 = Release|Any CPU
		{7E230BAF-122D-4569-83E7-6823B382298F}.Debug|Any CPU.ActiveCfg = Debug|Any CPU
		{7E230BAF-122D-4569-83E7-6823B382298F}.Debug|Any CPU.Build.0 = Debug|Any CPU
		{7E230BAF-122D-4569-83E7-6823B382298F}.Debug|x64.ActiveCfg = Debug|Any CPU
		{7E230BAF-122D-4569-83E7-6823B382298F}.Debug|x64.Build.0 = Debug|Any CPU
		{7E230BAF-122D-4569-83E7-6823B382298F}.Debug|x86.ActiveCfg = Debug|Any CPU
		{7E230BAF-122D-4569-83E7-6823B382298F}.Debug|x86.Build.0 = Debug|Any CPU
		{7E230BAF-122D-4569-83E7-6823B382298F}.Release|Any CPU.ActiveCfg = Release|Any CPU
		{7E230BAF-122D-4569-83E7-6823B382298F}.Release|Any CPU.Build.0 = Release|Any CPU
		{7E230BAF-122D-4569-83E7-6823B382298F}.Release|x64.ActiveCfg = Release|Any CPU
		{7E230BAF-122D-4569-83E7-6823B382298F}.Release|x64.Build.0 = Release|Any CPU
		{7E230BAF-122D-4569-83E7-6823B382298F}.Release|x86.ActiveCfg = Release|Any CPU
		{7E230BAF-122D-4569-83E7-6823B382298F}.Release|x86.Build.0 = Release|Any CPU
		{3344C4F3-0751-4F2F-A044-AFDB95CF6A3A}.Debug|Any CPU.ActiveCfg = Debug|Any CPU
		{3344C4F3-0751-4F2F-A044-AFDB95CF6A3A}.Debug|Any CPU.Build.0 = Debug|Any CPU
		{3344C4F3-0751-4F2F-A044-AFDB95CF6A3A}.Debug|x64.ActiveCfg = Debug|Any CPU
		{3344C4F3-0751-4F2F-A044-AFDB95CF6A3A}.Debug|x64.Build.0 = Debug|Any CPU
		{3344C4F3-0751-4F2F-A044-AFDB95CF6A3A}.Debug|x86.ActiveCfg = Debug|Any CPU
		{3344C4F3-0751-4F2F-A044-AFDB95CF6A3A}.Debug|x86.Build.0 = Debug|Any CPU
		{3344C4F3-0751-4F2F-A044-AFDB95CF6A3A}.Release|Any CPU.ActiveCfg = Release|Any CPU
		{3344C4F3-0751-4F2F-A044-AFDB95CF6A3A}.Release|Any CPU.Build.0 = Release|Any CPU
		{3344C4F3-0751-4F2F-A044-AFDB95CF6A3A}.Release|x64.ActiveCfg = Release|Any CPU
		{3344C4F3-0751-4F2F-A044-AFDB95CF6A3A}.Release|x64.Build.0 = Release|Any CPU
		{3344C4F3-0751-4F2F-A044-AFDB95CF6A3A}.Release|x86.ActiveCfg = Release|Any CPU
		{3344C4F3-0751-4F2F-A044-AFDB95CF6A3A}.Release|x86.Build.0 = Release|Any CPU
		{0E234969-9CEE-4F35-9A96-C955B6F3DE25}.Debug|Any CPU.ActiveCfg = Debug|Any CPU
		{0E234969-9CEE-4F35-9A96-C955B6F3DE25}.Debug|Any CPU.Build.0 = Debug|Any CPU
		{0E234969-9CEE-4F35-9A96-C955B6F3DE25}.Debug|x64.ActiveCfg = Debug|Any CPU
		{0E234969-9CEE-4F35-9A96-C955B6F3DE25}.Debug|x64.Build.0 = Debug|Any CPU
		{0E234969-9CEE-4F35-9A96-C955B6F3DE25}.Debug|x86.ActiveCfg = Debug|Any CPU
		{0E234969-9CEE-4F35-9A96-C955B6F3DE25}.Debug|x86.Build.0 = Debug|Any CPU
		{0E234969-9CEE-4F35-9A96-C955B6F3DE25}.Release|Any CPU.ActiveCfg = Release|Any CPU
		{0E234969-9CEE-4F35-9A96-C955B6F3DE25}.Release|Any CPU.Build.0 = Release|Any CPU
		{0E234969-9CEE-4F35-9A96-C955B6F3DE25}.Release|x64.ActiveCfg = Release|Any CPU
		{0E234969-9CEE-4F35-9A96-C955B6F3DE25}.Release|x64.Build.0 = Release|Any CPU
		{0E234969-9CEE-4F35-9A96-C955B6F3DE25}.Release|x86.ActiveCfg = Release|Any CPU
		{0E234969-9CEE-4F35-9A96-C955B6F3DE25}.Release|x86.Build.0 = Release|Any CPU
		{E150C1EA-0E09-49EF-BD69-8709D35991E0}.Debug|Any CPU.ActiveCfg = Debug|Any CPU
		{E150C1EA-0E09-49EF-BD69-8709D35991E0}.Debug|Any CPU.Build.0 = Debug|Any CPU
		{E150C1EA-0E09-49EF-BD69-8709D35991E0}.Debug|x64.ActiveCfg = Debug|Any CPU
		{E150C1EA-0E09-49EF-BD69-8709D35991E0}.Debug|x64.Build.0 = Debug|Any CPU
		{E150C1EA-0E09-49EF-BD69-8709D35991E0}.Debug|x86.ActiveCfg = Debug|Any CPU
		{E150C1EA-0E09-49EF-BD69-8709D35991E0}.Debug|x86.Build.0 = Debug|Any CPU
		{E150C1EA-0E09-49EF-BD69-8709D35991E0}.Release|Any CPU.ActiveCfg = Release|Any CPU
		{E150C1EA-0E09-49EF-BD69-8709D35991E0}.Release|Any CPU.Build.0 = Release|Any CPU
		{E150C1EA-0E09-49EF-BD69-8709D35991E0}.Release|x64.ActiveCfg = Release|Any CPU
		{E150C1EA-0E09-49EF-BD69-8709D35991E0}.Release|x64.Build.0 = Release|Any CPU
		{E150C1EA-0E09-49EF-BD69-8709D35991E0}.Release|x86.ActiveCfg = Release|Any CPU
		{E150C1EA-0E09-49EF-BD69-8709D35991E0}.Release|x86.Build.0 = Release|Any CPU
		{77B8A74C-6912-4F06-9B8B-31F4ECA84F24}.Debug|Any CPU.ActiveCfg = Debug|Any CPU
		{77B8A74C-6912-4F06-9B8B-31F4ECA84F24}.Debug|Any CPU.Build.0 = Debug|Any CPU
		{77B8A74C-6912-4F06-9B8B-31F4ECA84F24}.Debug|x64.ActiveCfg = Debug|Any CPU
		{77B8A74C-6912-4F06-9B8B-31F4ECA84F24}.Debug|x64.Build.0 = Debug|Any CPU
		{77B8A74C-6912-4F06-9B8B-31F4ECA84F24}.Debug|x86.ActiveCfg = Debug|Any CPU
		{77B8A74C-6912-4F06-9B8B-31F4ECA84F24}.Debug|x86.Build.0 = Debug|Any CPU
		{77B8A74C-6912-4F06-9B8B-31F4ECA84F24}.Release|Any CPU.ActiveCfg = Release|Any CPU
		{77B8A74C-6912-4F06-9B8B-31F4ECA84F24}.Release|Any CPU.Build.0 = Release|Any CPU
		{77B8A74C-6912-4F06-9B8B-31F4ECA84F24}.Release|x64.ActiveCfg = Release|Any CPU
		{77B8A74C-6912-4F06-9B8B-31F4ECA84F24}.Release|x64.Build.0 = Release|Any CPU
		{77B8A74C-6912-4F06-9B8B-31F4ECA84F24}.Release|x86.ActiveCfg = Release|Any CPU
		{77B8A74C-6912-4F06-9B8B-31F4ECA84F24}.Release|x86.Build.0 = Release|Any CPU
	EndGlobalSection
	GlobalSection(SolutionProperties) = preSolution
		HideSolutionNode = FALSE
	EndGlobalSection
	GlobalSection(NestedProjects) = preSolution
		{843C1484-B282-469C-A0B8-149F1CEBCE93} = {827E0CD3-B72D-47B6-A68D-7590B98EB39B}
		{7E230BAF-122D-4569-83E7-6823B382298F} = {827E0CD3-B72D-47B6-A68D-7590B98EB39B}
		{3344C4F3-0751-4F2F-A044-AFDB95CF6A3A} = {827E0CD3-B72D-47B6-A68D-7590B98EB39B}
		{0E234969-9CEE-4F35-9A96-C955B6F3DE25} = {0AB3BF05-4346-4AA6-1389-037BE0695223}
		{E150C1EA-0E09-49EF-BD69-8709D35991E0} = {0AB3BF05-4346-4AA6-1389-037BE0695223}
		{77B8A74C-6912-4F06-9B8B-31F4ECA84F24} = {0AB3BF05-4346-4AA6-1389-037BE0695223}
	EndGlobalSection
EndGlobal
